
Microsoft Visual Studio Solution File, Format Version 12.00
# Visual Studio 15
VisualStudioVersion = 15.0.28010.2050
MinimumVisualStudioVersion = 10.0.40219.1
Project("{FAE04EC0-301F-11D3-BF4B-00C04F79EFBC}") = "TodoServer2", "TodoServer2\TodoServer2.csproj", "{84933869-D204-446A-BADF-6E04F9A8CF45}"
EndProject
Global
	GlobalSection(SolutionConfigurationPlatforms) = preSolution
		Debug|Any CPU = Debug|Any CPU
		Release|Any CPU = Release|Any CPU
	EndGlobalSection
	GlobalSection(ProjectConfigurationPlatforms) = postSolution
		{84933869-D204-446A-BADF-6E04F9A8CF45}.Debug|Any CPU.ActiveCfg = Debug|Any CPU
		{84933869-D204-446A-BADF-6E04F9A8CF45}.Debug|Any CPU.Build.0 = Debug|Any CPU
		{84933869-D204-446A-BADF-6E04F9A8CF45}.Release|Any CPU.ActiveCfg = Release|Any CPU
		{84933869-D204-446A-BADF-6E04F9A8CF45}.Release|Any CPU.Build.0 = Release|Any CPU
	EndGlobalSection
	GlobalSection(SolutionProperties) = preSolution
		HideSolutionNode = FALSE
	EndGlobalSection
	GlobalSection(ExtensibilityGlobals) = postSolution
		SolutionGuid = {B3AD3079-46E1-40E4-B4C0-D6514197E926}
	EndGlobalSection
EndGlobal
